
Microsoft Visual Studio Solution File, Format Version 12.00
# Visual Studio Version 17
VisualStudioVersion = 17.8.34511.84
MinimumVisualStudioVersion = 10.0.40219.1
Project("{2150E333-8FDC-42A3-9474-1A3956D46DE8}") = "Gui", "Gui", "{B9E27AE6-B1B4-4DC9-826C-005252E6C7B1}"
EndProject
Project("{9A19103F-16F7-4668-BE54-9A1E7A4F7556}") = "DrahtenWeb", "DrahtenWeb\DrahtenWeb.csproj", "{FDA54710-8EFC-4AE8-BCFD-E4EDB96F1355}"
EndProject
Project("{2150E333-8FDC-42A3-9474-1A3956D46DE8}") = "ApiGateway", "ApiGateway", "{3CCFB910-51C6-4ECC-8F10-B716B745752E}"
EndProject
Project("{9A19103F-16F7-4668-BE54-9A1E7A4F7556}") = "Drahten_ApiGateway_Yarp", "Drahten_ApiGateway_Yarp\Drahten_ApiGateway_Yarp.csproj", "{66E92D34-E55F-4A86-9BC4-1D40A7EEBFF7}"
EndProject
Project("{2150E333-8FDC-42A3-9474-1A3956D46DE8}") = "Services", "Services", "{F8EA9051-7503-4355-B896-497AC12E0AFA}"
EndProject
Project("{9A19103F-16F7-4668-BE54-9A1E7A4F7556}") = "Drahten_Services_UserService", "Drahten_Services_UserService\Drahten_Services_UserService.csproj", "{0B8D4A83-99F1-460A-A89F-268E47D12997}"
EndProject
Project("{2150E333-8FDC-42A3-9474-1A3956D46DE8}") = "Compose", "Compose", "{05108EA8-7338-436D-AA4C-0A57D40F9678}"
	ProjectSection(SolutionItems) = preProject
		docker-compose.yml = docker-compose.yml
		keycloak.dev.env = keycloak.dev.env
		keycloak_database.dev.env = keycloak_database.dev.env
	EndProjectSection
EndProject
Global
	GlobalSection(SolutionConfigurationPlatforms) = preSolution
		Debug|Any CPU = Debug|Any CPU
		Release|Any CPU = Release|Any CPU
	EndGlobalSection
	GlobalSection(ProjectConfigurationPlatforms) = postSolution
		{FDA54710-8EFC-4AE8-BCFD-E4EDB96F1355}.Debug|Any CPU.ActiveCfg = Debug|Any CPU
		{FDA54710-8EFC-4AE8-BCFD-E4EDB96F1355}.Debug|Any CPU.Build.0 = Debug|Any CPU
		{FDA54710-8EFC-4AE8-BCFD-E4EDB96F1355}.Release|Any CPU.ActiveCfg = Release|Any CPU
		{FDA54710-8EFC-4AE8-BCFD-E4EDB96F1355}.Release|Any CPU.Build.0 = Release|Any CPU
		{66E92D34-E55F-4A86-9BC4-1D40A7EEBFF7}.Debug|Any CPU.ActiveCfg = Debug|Any CPU
		{66E92D34-E55F-4A86-9BC4-1D40A7EEBFF7}.Debug|Any CPU.Build.0 = Debug|Any CPU
		{66E92D34-E55F-4A86-9BC4-1D40A7EEBFF7}.Release|Any CPU.ActiveCfg = Release|Any CPU
		{66E92D34-E55F-4A86-9BC4-1D40A7EEBFF7}.Release|Any CPU.Build.0 = Release|Any CPU
		{0B8D4A83-99F1-460A-A89F-268E47D12997}.Debug|Any CPU.ActiveCfg = Debug|Any CPU
		{0B8D4A83-99F1-460A-A89F-268E47D12997}.Debug|Any CPU.Build.0 = Debug|Any CPU
		{0B8D4A83-99F1-460A-A89F-268E47D12997}.Release|Any CPU.ActiveCfg = Release|Any CPU
		{0B8D4A83-99F1-460A-A89F-268E47D12997}.Release|Any CPU.Build.0 = Release|Any CPU
	EndGlobalSection
	GlobalSection(SolutionProperties) = preSolution
		HideSolutionNode = FALSE
	EndGlobalSection
	GlobalSection(NestedProjects) = preSolution
		{FDA54710-8EFC-4AE8-BCFD-E4EDB96F1355} = {B9E27AE6-B1B4-4DC9-826C-005252E6C7B1}
		{66E92D34-E55F-4A86-9BC4-1D40A7EEBFF7} = {3CCFB910-51C6-4ECC-8F10-B716B745752E}
		{0B8D4A83-99F1-460A-A89F-268E47D12997} = {F8EA9051-7503-4355-B896-497AC12E0AFA}
	EndGlobalSection
	GlobalSection(ExtensibilityGlobals) = postSolution
		SolutionGuid = {A6C9AC8C-2975-4FB7-A54D-1A923FB284A9}
	EndGlobalSection
EndGlobal
