
Microsoft Visual Studio Solution File, Format Version 12.00
# Visual Studio Version 17
VisualStudioVersion = 17.8.34511.84
MinimumVisualStudioVersion = 10.0.40219.1
Project("{2150E333-8FDC-42A3-9474-1A3956D46DE8}") = "Gui", "Gui", "{B9E27AE6-B1B4-4DC9-826C-005252E6C7B1}"
EndProject
Project("{9A19103F-16F7-4668-BE54-9A1E7A4F7556}") = "DrahtenWeb", "DrahtenWeb\DrahtenWeb.csproj", "{FDA54710-8EFC-4AE8-BCFD-E4EDB96F1355}"
EndProject
Project("{2150E333-8FDC-42A3-9474-1A3956D46DE8}") = "ApiGateway", "ApiGateway", "{3CCFB910-51C6-4ECC-8F10-B716B745752E}"
EndProject
Project("{9A19103F-16F7-4668-BE54-9A1E7A4F7556}") = "Drahten_ApiGateway_Yarp", "Drahten_ApiGateway_Yarp\Drahten_ApiGateway_Yarp.csproj", "{66E92D34-E55F-4A86-9BC4-1D40A7EEBFF7}"
EndProject
Project("{2150E333-8FDC-42A3-9474-1A3956D46DE8}") = "Services", "Services", "{F8EA9051-7503-4355-B896-497AC12E0AFA}"
EndProject
Project("{2150E333-8FDC-42A3-9474-1A3956D46DE8}") = "Compose", "Compose", "{05108EA8-7338-436D-AA4C-0A57D40F9678}"
	ProjectSection(SolutionItems) = preProject
		keycloak.dev.env = keycloak.dev.env
		keycloak_database.dev.env = keycloak_database.dev.env
	EndProjectSection
EndProject
Project("{888888A0-9F3D-457C-B088-3A5042F75D52}") = "Drahten_Services_SerarchService", "Drahten_Services_SerarchService\Drahten_Services_SerarchService.pyproj", "{E9079892-22C7-4D2D-9B95-30CD94C644CF}"
EndProject
Project("{2150E333-8FDC-42A3-9474-1A3956D46DE8}") = "TopicArticleService", "TopicArticleService", "{7AF8C429-5208-492F-9F8C-3081960B33E6}"
EndProject
Project("{2150E333-8FDC-42A3-9474-1A3956D46DE8}") = "src", "src", "{B4B4FD0A-6DE4-4BE0-97BB-E9CA9EC99DC5}"
EndProject
Project("{9A19103F-16F7-4668-BE54-9A1E7A4F7556}") = "TopicArticleService.Domain", "TopicArticleService.Domain\TopicArticleService.Domain.csproj", "{69FBACE8-E588-4B83-9709-D36D778BC526}"
EndProject
Project("{9A19103F-16F7-4668-BE54-9A1E7A4F7556}") = "TopicArticleService.Application", "TopicArticleService.Application\TopicArticleService.Application.csproj", "{3FA4A088-290B-4A4C-BA66-87B6D70FA154}"
EndProject
Project("{9A19103F-16F7-4668-BE54-9A1E7A4F7556}") = "TopicArticleService.Infrastructure", "TopicArticleService.Infrastructure\TopicArticleService.Infrastructure.csproj", "{D98DA5B7-ABBE-4885-914B-7F600F7BF633}"
EndProject
Project("{9A19103F-16F7-4668-BE54-9A1E7A4F7556}") = "TopicArticleService.Presentation", "TopicArticleService.Presentation\TopicArticleService.Presentation.csproj", "{5E60F047-F287-48FB-A269-22F69CEABEAA}"
EndProject
Project("{2150E333-8FDC-42A3-9474-1A3956D46DE8}") = "tests", "tests", "{C93C454A-6174-4490-B1C5-2EAEE6548BBF}"
EndProject
Project("{9A19103F-16F7-4668-BE54-9A1E7A4F7556}") = "TopicArticleService.Tests.Unit", "TopicArticleService.Tests.Unit\TopicArticleService.Tests.Unit.csproj", "{31616023-6378-4901-85C4-3EF496DBA1C0}"
EndProject
Project("{9A19103F-16F7-4668-BE54-9A1E7A4F7556}") = "TopicArticleService.Tests.EndToEnd", "TopicArticleService.Tests.EndToEnd\TopicArticleService.Tests.EndToEnd.csproj", "{022AC792-0BBD-43A0-8AF7-FAF56E6FA520}"
EndProject
Project("{2150E333-8FDC-42A3-9474-1A3956D46DE8}") = "UserService", "UserService", "{6FF24EC9-DF28-4F07-9331-98DE955508A0}"
EndProject
Project("{2150E333-8FDC-42A3-9474-1A3956D46DE8}") = "src", "src", "{D26B0D4E-2343-4EBC-807F-FEC1E6689501}"
EndProject
Project("{9A19103F-16F7-4668-BE54-9A1E7A4F7556}") = "UserService.Domain", "UserService.Domain\UserService.Domain.csproj", "{6173120F-4336-4E3A-991F-C7D834932D49}"
EndProject
Project("{9A19103F-16F7-4668-BE54-9A1E7A4F7556}") = "UserService.Application", "UserService.Application\UserService.Application.csproj", "{1D87B1BE-14D1-4482-B0B8-F09EC9966820}"
EndProject
Project("{9A19103F-16F7-4668-BE54-9A1E7A4F7556}") = "UserService.Infrastructure", "UserService.Infrastructure\UserService.Infrastructure.csproj", "{7A5C4679-A325-4127-9E2A-E6F55F5027B1}"
EndProject
Project("{9A19103F-16F7-4668-BE54-9A1E7A4F7556}") = "UserService.Presentation", "UserService.Presentation\UserService.Presentation.csproj", "{9766B58C-6DC4-4CA2-9309-7B64A74C3C02}"
EndProject
Project("{2150E333-8FDC-42A3-9474-1A3956D46DE8}") = "tests", "tests", "{8B917823-B983-420B-8BB6-D4E3AB1D3A00}"
EndProject
Project("{9A19103F-16F7-4668-BE54-9A1E7A4F7556}") = "UserService.Tests.Unit", "UserService.Tests.Unit\UserService.Tests.Unit.csproj", "{BD1CEE58-EA3E-4576-AD45-3F358311914F}"
EndProject
Project("{9A19103F-16F7-4668-BE54-9A1E7A4F7556}") = "UserService.Tests.EndToEnd", "UserService.Tests.EndToEnd\UserService.Tests.EndToEnd.csproj", "{55FDD9F4-2180-4DFF-85B3-85DF5A8655EF}"
EndProject
Project("{2150E333-8FDC-42A3-9474-1A3956D46DE8}") = "PrivateHistoryService", "PrivateHistoryService", "{168B7092-E349-4808-9C67-8EDF530F8A9A}"
EndProject
Project("{2150E333-8FDC-42A3-9474-1A3956D46DE8}") = "src", "src", "{02FEAFF5-AF71-4393-8427-E20BB9BA704A}"
EndProject
Project("{2150E333-8FDC-42A3-9474-1A3956D46DE8}") = "tests", "tests", "{F355F6AD-5760-4C4F-BE22-97C2D20A2BEB}"
EndProject
Project("{9A19103F-16F7-4668-BE54-9A1E7A4F7556}") = "PrivateHistoryService.Domain", "PrivateHistoryService.Domain\PrivateHistoryService.Domain.csproj", "{40D705DE-8B14-4D82-8FCA-6226FEE6D9AC}"
EndProject
Project("{9A19103F-16F7-4668-BE54-9A1E7A4F7556}") = "PrivateHistoryService.Application", "PrivateHistoryService.Application\PrivateHistoryService.Application.csproj", "{7B051A35-AEC1-4980-A0AC-1B627B0D99BF}"
EndProject
Project("{9A19103F-16F7-4668-BE54-9A1E7A4F7556}") = "PrivateHistoryService.Infrastructure", "PrivateHistoryService.Infrastructure\PrivateHistoryService.Infrastructure.csproj", "{49C0DE57-A9A0-44C6-ADD6-5BC5053B2F25}"
EndProject
Project("{9A19103F-16F7-4668-BE54-9A1E7A4F7556}") = "PrivateHistoryService.Presentation", "PrivateHistoryService.Presentation\PrivateHistoryService.Presentation.csproj", "{6E2E2835-AB5C-4E1E-A955-C3FE59E54528}"
EndProject
Project("{9A19103F-16F7-4668-BE54-9A1E7A4F7556}") = "PrivateHistoryService.Tests.Unit", "PrivateHistoryService.Tests.Unit\PrivateHistoryService.Tests.Unit.csproj", "{29ED63C7-4AAA-414C-9B85-A605BEB8B437}"
EndProject
Project("{9A19103F-16F7-4668-BE54-9A1E7A4F7556}") = "PrivateHistoryService.Tests.EndToEnd", "PrivateHistoryService.Tests.EndToEnd\PrivateHistoryService.Tests.EndToEnd.csproj", "{21933A1F-F3FE-43D1-8D37-03174F3C9B24}"
EndProject
Project("{2150E333-8FDC-42A3-9474-1A3956D46DE8}") = "PublicHistoryService", "PublicHistoryService", "{34D4BCD4-E1F8-466C-BBFE-284B38AADECE}"
EndProject
Project("{2150E333-8FDC-42A3-9474-1A3956D46DE8}") = "src", "src", "{1C7E713F-A009-4B8E-8F2D-0D058E5CAF25}"
EndProject
Project("{2150E333-8FDC-42A3-9474-1A3956D46DE8}") = "tests", "tests", "{2415BC36-A642-4F8C-845C-83F34912F201}"
EndProject
Project("{9A19103F-16F7-4668-BE54-9A1E7A4F7556}") = "PublicHistoryService.Domain", "PublicHistoryService.Domain\PublicHistoryService.Domain.csproj", "{D36293D1-DE9A-4454-B2EF-24074DA990A5}"
EndProject
Project("{9A19103F-16F7-4668-BE54-9A1E7A4F7556}") = "PublicHistoryService.Application", "PublicHistoryService.Application\PublicHistoryService.Application.csproj", "{CEBAA3F1-0C5C-408E-8D00-545ADFED3D48}"
EndProject
Project("{9A19103F-16F7-4668-BE54-9A1E7A4F7556}") = "PublicHistoryService.Infrastructure", "PublicHistoryService.Infrastructure\PublicHistoryService.Infrastructure.csproj", "{E55E857D-5FD8-4321-AC37-973B5B09ED99}"
EndProject
Project("{9A19103F-16F7-4668-BE54-9A1E7A4F7556}") = "PublicHistoryService.Presentation", "PublicHistoryService.Presentation\PublicHistoryService.Presentation.csproj", "{F11242CF-B96A-451D-816E-80EE3A964B0F}"
EndProject
Project("{9A19103F-16F7-4668-BE54-9A1E7A4F7556}") = "PublicHistoryService.Tests.Unit", "PublicHistoryService.Tests.Unit\PublicHistoryService.Tests.Unit.csproj", "{500C9723-6397-4FD4-B380-6277FF47658E}"
EndProject
Project("{9A19103F-16F7-4668-BE54-9A1E7A4F7556}") = "PublicHistoryService.Tests.EndToEnd", "PublicHistoryService.Tests.EndToEnd\PublicHistoryService.Tests.EndToEnd.csproj", "{7AB80162-1025-40D3-8A91-B8773FF8CD0D}"
EndProject
Project("{FAE04EC0-301F-11D3-BF4B-00C04F79EFBC}") = "TopicArticleService.Tests.Integration", "TopicArticleService.Tests.Integration\TopicArticleService.Tests.Integration.csproj", "{ADFCABCF-7C34-4471-925F-1E3883611434}"
EndProject
Global
	GlobalSection(SolutionConfigurationPlatforms) = preSolution
		Debug|Any CPU = Debug|Any CPU
		Release|Any CPU = Release|Any CPU
	EndGlobalSection
	GlobalSection(ProjectConfigurationPlatforms) = postSolution
		{FDA54710-8EFC-4AE8-BCFD-E4EDB96F1355}.Debug|Any CPU.ActiveCfg = Debug|Any CPU
		{FDA54710-8EFC-4AE8-BCFD-E4EDB96F1355}.Debug|Any CPU.Build.0 = Debug|Any CPU
		{FDA54710-8EFC-4AE8-BCFD-E4EDB96F1355}.Release|Any CPU.ActiveCfg = Release|Any CPU
		{FDA54710-8EFC-4AE8-BCFD-E4EDB96F1355}.Release|Any CPU.Build.0 = Release|Any CPU
		{66E92D34-E55F-4A86-9BC4-1D40A7EEBFF7}.Debug|Any CPU.ActiveCfg = Debug|Any CPU
		{66E92D34-E55F-4A86-9BC4-1D40A7EEBFF7}.Debug|Any CPU.Build.0 = Debug|Any CPU
		{66E92D34-E55F-4A86-9BC4-1D40A7EEBFF7}.Release|Any CPU.ActiveCfg = Release|Any CPU
		{66E92D34-E55F-4A86-9BC4-1D40A7EEBFF7}.Release|Any CPU.Build.0 = Release|Any CPU
		{E9079892-22C7-4D2D-9B95-30CD94C644CF}.Debug|Any CPU.ActiveCfg = Debug|Any CPU
		{E9079892-22C7-4D2D-9B95-30CD94C644CF}.Debug|Any CPU.Build.0 = Debug|Any CPU
		{E9079892-22C7-4D2D-9B95-30CD94C644CF}.Release|Any CPU.ActiveCfg = Release|Any CPU
		{E9079892-22C7-4D2D-9B95-30CD94C644CF}.Release|Any CPU.Build.0 = Release|Any CPU
		{69FBACE8-E588-4B83-9709-D36D778BC526}.Debug|Any CPU.ActiveCfg = Debug|Any CPU
		{69FBACE8-E588-4B83-9709-D36D778BC526}.Debug|Any CPU.Build.0 = Debug|Any CPU
		{69FBACE8-E588-4B83-9709-D36D778BC526}.Release|Any CPU.ActiveCfg = Release|Any CPU
		{69FBACE8-E588-4B83-9709-D36D778BC526}.Release|Any CPU.Build.0 = Release|Any CPU
		{3FA4A088-290B-4A4C-BA66-87B6D70FA154}.Debug|Any CPU.ActiveCfg = Debug|Any CPU
		{3FA4A088-290B-4A4C-BA66-87B6D70FA154}.Debug|Any CPU.Build.0 = Debug|Any CPU
		{3FA4A088-290B-4A4C-BA66-87B6D70FA154}.Release|Any CPU.ActiveCfg = Release|Any CPU
		{3FA4A088-290B-4A4C-BA66-87B6D70FA154}.Release|Any CPU.Build.0 = Release|Any CPU
		{D98DA5B7-ABBE-4885-914B-7F600F7BF633}.Debug|Any CPU.ActiveCfg = Debug|Any CPU
		{D98DA5B7-ABBE-4885-914B-7F600F7BF633}.Debug|Any CPU.Build.0 = Debug|Any CPU
		{D98DA5B7-ABBE-4885-914B-7F600F7BF633}.Release|Any CPU.ActiveCfg = Release|Any CPU
		{D98DA5B7-ABBE-4885-914B-7F600F7BF633}.Release|Any CPU.Build.0 = Release|Any CPU
		{5E60F047-F287-48FB-A269-22F69CEABEAA}.Debug|Any CPU.ActiveCfg = Debug|Any CPU
		{5E60F047-F287-48FB-A269-22F69CEABEAA}.Debug|Any CPU.Build.0 = Debug|Any CPU
		{5E60F047-F287-48FB-A269-22F69CEABEAA}.Release|Any CPU.ActiveCfg = Release|Any CPU
		{5E60F047-F287-48FB-A269-22F69CEABEAA}.Release|Any CPU.Build.0 = Release|Any CPU
		{31616023-6378-4901-85C4-3EF496DBA1C0}.Debug|Any CPU.ActiveCfg = Debug|Any CPU
		{31616023-6378-4901-85C4-3EF496DBA1C0}.Debug|Any CPU.Build.0 = Debug|Any CPU
		{31616023-6378-4901-85C4-3EF496DBA1C0}.Release|Any CPU.ActiveCfg = Release|Any CPU
		{31616023-6378-4901-85C4-3EF496DBA1C0}.Release|Any CPU.Build.0 = Release|Any CPU
		{022AC792-0BBD-43A0-8AF7-FAF56E6FA520}.Debug|Any CPU.ActiveCfg = Debug|Any CPU
		{022AC792-0BBD-43A0-8AF7-FAF56E6FA520}.Debug|Any CPU.Build.0 = Debug|Any CPU
		{022AC792-0BBD-43A0-8AF7-FAF56E6FA520}.Release|Any CPU.ActiveCfg = Release|Any CPU
		{022AC792-0BBD-43A0-8AF7-FAF56E6FA520}.Release|Any CPU.Build.0 = Release|Any CPU
		{6173120F-4336-4E3A-991F-C7D834932D49}.Debug|Any CPU.ActiveCfg = Debug|Any CPU
		{6173120F-4336-4E3A-991F-C7D834932D49}.Debug|Any CPU.Build.0 = Debug|Any CPU
		{6173120F-4336-4E3A-991F-C7D834932D49}.Release|Any CPU.ActiveCfg = Release|Any CPU
		{6173120F-4336-4E3A-991F-C7D834932D49}.Release|Any CPU.Build.0 = Release|Any CPU
		{1D87B1BE-14D1-4482-B0B8-F09EC9966820}.Debug|Any CPU.ActiveCfg = Debug|Any CPU
		{1D87B1BE-14D1-4482-B0B8-F09EC9966820}.Debug|Any CPU.Build.0 = Debug|Any CPU
		{1D87B1BE-14D1-4482-B0B8-F09EC9966820}.Release|Any CPU.ActiveCfg = Release|Any CPU
		{1D87B1BE-14D1-4482-B0B8-F09EC9966820}.Release|Any CPU.Build.0 = Release|Any CPU
		{7A5C4679-A325-4127-9E2A-E6F55F5027B1}.Debug|Any CPU.ActiveCfg = Debug|Any CPU
		{7A5C4679-A325-4127-9E2A-E6F55F5027B1}.Debug|Any CPU.Build.0 = Debug|Any CPU
		{7A5C4679-A325-4127-9E2A-E6F55F5027B1}.Release|Any CPU.ActiveCfg = Release|Any CPU
		{7A5C4679-A325-4127-9E2A-E6F55F5027B1}.Release|Any CPU.Build.0 = Release|Any CPU
		{9766B58C-6DC4-4CA2-9309-7B64A74C3C02}.Debug|Any CPU.ActiveCfg = Debug|Any CPU
		{9766B58C-6DC4-4CA2-9309-7B64A74C3C02}.Debug|Any CPU.Build.0 = Debug|Any CPU
		{9766B58C-6DC4-4CA2-9309-7B64A74C3C02}.Release|Any CPU.ActiveCfg = Release|Any CPU
		{9766B58C-6DC4-4CA2-9309-7B64A74C3C02}.Release|Any CPU.Build.0 = Release|Any CPU
		{BD1CEE58-EA3E-4576-AD45-3F358311914F}.Debug|Any CPU.ActiveCfg = Debug|Any CPU
		{BD1CEE58-EA3E-4576-AD45-3F358311914F}.Debug|Any CPU.Build.0 = Debug|Any CPU
		{BD1CEE58-EA3E-4576-AD45-3F358311914F}.Release|Any CPU.ActiveCfg = Release|Any CPU
		{BD1CEE58-EA3E-4576-AD45-3F358311914F}.Release|Any CPU.Build.0 = Release|Any CPU
		{55FDD9F4-2180-4DFF-85B3-85DF5A8655EF}.Debug|Any CPU.ActiveCfg = Debug|Any CPU
		{55FDD9F4-2180-4DFF-85B3-85DF5A8655EF}.Debug|Any CPU.Build.0 = Debug|Any CPU
		{55FDD9F4-2180-4DFF-85B3-85DF5A8655EF}.Release|Any CPU.ActiveCfg = Release|Any CPU
		{55FDD9F4-2180-4DFF-85B3-85DF5A8655EF}.Release|Any CPU.Build.0 = Release|Any CPU
		{40D705DE-8B14-4D82-8FCA-6226FEE6D9AC}.Debug|Any CPU.ActiveCfg = Debug|Any CPU
		{40D705DE-8B14-4D82-8FCA-6226FEE6D9AC}.Debug|Any CPU.Build.0 = Debug|Any CPU
		{40D705DE-8B14-4D82-8FCA-6226FEE6D9AC}.Release|Any CPU.ActiveCfg = Release|Any CPU
		{40D705DE-8B14-4D82-8FCA-6226FEE6D9AC}.Release|Any CPU.Build.0 = Release|Any CPU
		{7B051A35-AEC1-4980-A0AC-1B627B0D99BF}.Debug|Any CPU.ActiveCfg = Debug|Any CPU
		{7B051A35-AEC1-4980-A0AC-1B627B0D99BF}.Debug|Any CPU.Build.0 = Debug|Any CPU
		{7B051A35-AEC1-4980-A0AC-1B627B0D99BF}.Release|Any CPU.ActiveCfg = Release|Any CPU
		{7B051A35-AEC1-4980-A0AC-1B627B0D99BF}.Release|Any CPU.Build.0 = Release|Any CPU
		{49C0DE57-A9A0-44C6-ADD6-5BC5053B2F25}.Debug|Any CPU.ActiveCfg = Debug|Any CPU
		{49C0DE57-A9A0-44C6-ADD6-5BC5053B2F25}.Debug|Any CPU.Build.0 = Debug|Any CPU
		{49C0DE57-A9A0-44C6-ADD6-5BC5053B2F25}.Release|Any CPU.ActiveCfg = Release|Any CPU
		{49C0DE57-A9A0-44C6-ADD6-5BC5053B2F25}.Release|Any CPU.Build.0 = Release|Any CPU
		{6E2E2835-AB5C-4E1E-A955-C3FE59E54528}.Debug|Any CPU.ActiveCfg = Debug|Any CPU
		{6E2E2835-AB5C-4E1E-A955-C3FE59E54528}.Debug|Any CPU.Build.0 = Debug|Any CPU
		{6E2E2835-AB5C-4E1E-A955-C3FE59E54528}.Release|Any CPU.ActiveCfg = Release|Any CPU
		{6E2E2835-AB5C-4E1E-A955-C3FE59E54528}.Release|Any CPU.Build.0 = Release|Any CPU
		{29ED63C7-4AAA-414C-9B85-A605BEB8B437}.Debug|Any CPU.ActiveCfg = Debug|Any CPU
		{29ED63C7-4AAA-414C-9B85-A605BEB8B437}.Debug|Any CPU.Build.0 = Debug|Any CPU
		{29ED63C7-4AAA-414C-9B85-A605BEB8B437}.Release|Any CPU.ActiveCfg = Release|Any CPU
		{29ED63C7-4AAA-414C-9B85-A605BEB8B437}.Release|Any CPU.Build.0 = Release|Any CPU
		{21933A1F-F3FE-43D1-8D37-03174F3C9B24}.Debug|Any CPU.ActiveCfg = Debug|Any CPU
		{21933A1F-F3FE-43D1-8D37-03174F3C9B24}.Debug|Any CPU.Build.0 = Debug|Any CPU
		{21933A1F-F3FE-43D1-8D37-03174F3C9B24}.Release|Any CPU.ActiveCfg = Release|Any CPU
		{21933A1F-F3FE-43D1-8D37-03174F3C9B24}.Release|Any CPU.Build.0 = Release|Any CPU
		{D36293D1-DE9A-4454-B2EF-24074DA990A5}.Debug|Any CPU.ActiveCfg = Debug|Any CPU
		{D36293D1-DE9A-4454-B2EF-24074DA990A5}.Debug|Any CPU.Build.0 = Debug|Any CPU
		{D36293D1-DE9A-4454-B2EF-24074DA990A5}.Release|Any CPU.ActiveCfg = Release|Any CPU
		{D36293D1-DE9A-4454-B2EF-24074DA990A5}.Release|Any CPU.Build.0 = Release|Any CPU
		{CEBAA3F1-0C5C-408E-8D00-545ADFED3D48}.Debug|Any CPU.ActiveCfg = Debug|Any CPU
		{CEBAA3F1-0C5C-408E-8D00-545ADFED3D48}.Debug|Any CPU.Build.0 = Debug|Any CPU
		{CEBAA3F1-0C5C-408E-8D00-545ADFED3D48}.Release|Any CPU.ActiveCfg = Release|Any CPU
		{CEBAA3F1-0C5C-408E-8D00-545ADFED3D48}.Release|Any CPU.Build.0 = Release|Any CPU
		{E55E857D-5FD8-4321-AC37-973B5B09ED99}.Debug|Any CPU.ActiveCfg = Debug|Any CPU
		{E55E857D-5FD8-4321-AC37-973B5B09ED99}.Debug|Any CPU.Build.0 = Debug|Any CPU
		{E55E857D-5FD8-4321-AC37-973B5B09ED99}.Release|Any CPU.ActiveCfg = Release|Any CPU
		{E55E857D-5FD8-4321-AC37-973B5B09ED99}.Release|Any CPU.Build.0 = Release|Any CPU
		{F11242CF-B96A-451D-816E-80EE3A964B0F}.Debug|Any CPU.ActiveCfg = Debug|Any CPU
		{F11242CF-B96A-451D-816E-80EE3A964B0F}.Debug|Any CPU.Build.0 = Debug|Any CPU
		{F11242CF-B96A-451D-816E-80EE3A964B0F}.Release|Any CPU.ActiveCfg = Release|Any CPU
		{F11242CF-B96A-451D-816E-80EE3A964B0F}.Release|Any CPU.Build.0 = Release|Any CPU
		{500C9723-6397-4FD4-B380-6277FF47658E}.Debug|Any CPU.ActiveCfg = Debug|Any CPU
		{500C9723-6397-4FD4-B380-6277FF47658E}.Debug|Any CPU.Build.0 = Debug|Any CPU
		{500C9723-6397-4FD4-B380-6277FF47658E}.Release|Any CPU.ActiveCfg = Release|Any CPU
		{500C9723-6397-4FD4-B380-6277FF47658E}.Release|Any CPU.Build.0 = Release|Any CPU
		{7AB80162-1025-40D3-8A91-B8773FF8CD0D}.Debug|Any CPU.ActiveCfg = Debug|Any CPU
		{7AB80162-1025-40D3-8A91-B8773FF8CD0D}.Debug|Any CPU.Build.0 = Debug|Any CPU
		{7AB80162-1025-40D3-8A91-B8773FF8CD0D}.Release|Any CPU.ActiveCfg = Release|Any CPU
		{7AB80162-1025-40D3-8A91-B8773FF8CD0D}.Release|Any CPU.Build.0 = Release|Any CPU
		{ADFCABCF-7C34-4471-925F-1E3883611434}.Debug|Any CPU.ActiveCfg = Debug|Any CPU
		{ADFCABCF-7C34-4471-925F-1E3883611434}.Debug|Any CPU.Build.0 = Debug|Any CPU
		{ADFCABCF-7C34-4471-925F-1E3883611434}.Release|Any CPU.ActiveCfg = Release|Any CPU
		{ADFCABCF-7C34-4471-925F-1E3883611434}.Release|Any CPU.Build.0 = Release|Any CPU
	EndGlobalSection
	GlobalSection(SolutionProperties) = preSolution
		HideSolutionNode = FALSE
	EndGlobalSection
	GlobalSection(NestedProjects) = preSolution
		{FDA54710-8EFC-4AE8-BCFD-E4EDB96F1355} = {B9E27AE6-B1B4-4DC9-826C-005252E6C7B1}
		{66E92D34-E55F-4A86-9BC4-1D40A7EEBFF7} = {3CCFB910-51C6-4ECC-8F10-B716B745752E}
		{E9079892-22C7-4D2D-9B95-30CD94C644CF} = {F8EA9051-7503-4355-B896-497AC12E0AFA}
		{7AF8C429-5208-492F-9F8C-3081960B33E6} = {F8EA9051-7503-4355-B896-497AC12E0AFA}
		{B4B4FD0A-6DE4-4BE0-97BB-E9CA9EC99DC5} = {7AF8C429-5208-492F-9F8C-3081960B33E6}
		{69FBACE8-E588-4B83-9709-D36D778BC526} = {B4B4FD0A-6DE4-4BE0-97BB-E9CA9EC99DC5}
		{3FA4A088-290B-4A4C-BA66-87B6D70FA154} = {B4B4FD0A-6DE4-4BE0-97BB-E9CA9EC99DC5}
		{D98DA5B7-ABBE-4885-914B-7F600F7BF633} = {B4B4FD0A-6DE4-4BE0-97BB-E9CA9EC99DC5}
		{5E60F047-F287-48FB-A269-22F69CEABEAA} = {B4B4FD0A-6DE4-4BE0-97BB-E9CA9EC99DC5}
		{C93C454A-6174-4490-B1C5-2EAEE6548BBF} = {7AF8C429-5208-492F-9F8C-3081960B33E6}
		{31616023-6378-4901-85C4-3EF496DBA1C0} = {C93C454A-6174-4490-B1C5-2EAEE6548BBF}
		{022AC792-0BBD-43A0-8AF7-FAF56E6FA520} = {C93C454A-6174-4490-B1C5-2EAEE6548BBF}
		{6FF24EC9-DF28-4F07-9331-98DE955508A0} = {F8EA9051-7503-4355-B896-497AC12E0AFA}
		{D26B0D4E-2343-4EBC-807F-FEC1E6689501} = {6FF24EC9-DF28-4F07-9331-98DE955508A0}
		{6173120F-4336-4E3A-991F-C7D834932D49} = {D26B0D4E-2343-4EBC-807F-FEC1E6689501}
		{1D87B1BE-14D1-4482-B0B8-F09EC9966820} = {D26B0D4E-2343-4EBC-807F-FEC1E6689501}
		{7A5C4679-A325-4127-9E2A-E6F55F5027B1} = {D26B0D4E-2343-4EBC-807F-FEC1E6689501}
		{9766B58C-6DC4-4CA2-9309-7B64A74C3C02} = {D26B0D4E-2343-4EBC-807F-FEC1E6689501}
		{8B917823-B983-420B-8BB6-D4E3AB1D3A00} = {6FF24EC9-DF28-4F07-9331-98DE955508A0}
		{BD1CEE58-EA3E-4576-AD45-3F358311914F} = {8B917823-B983-420B-8BB6-D4E3AB1D3A00}
		{55FDD9F4-2180-4DFF-85B3-85DF5A8655EF} = {8B917823-B983-420B-8BB6-D4E3AB1D3A00}
		{168B7092-E349-4808-9C67-8EDF530F8A9A} = {F8EA9051-7503-4355-B896-497AC12E0AFA}
		{02FEAFF5-AF71-4393-8427-E20BB9BA704A} = {168B7092-E349-4808-9C67-8EDF530F8A9A}
		{F355F6AD-5760-4C4F-BE22-97C2D20A2BEB} = {168B7092-E349-4808-9C67-8EDF530F8A9A}
		{40D705DE-8B14-4D82-8FCA-6226FEE6D9AC} = {02FEAFF5-AF71-4393-8427-E20BB9BA704A}
		{7B051A35-AEC1-4980-A0AC-1B627B0D99BF} = {02FEAFF5-AF71-4393-8427-E20BB9BA704A}
		{49C0DE57-A9A0-44C6-ADD6-5BC5053B2F25} = {02FEAFF5-AF71-4393-8427-E20BB9BA704A}
		{6E2E2835-AB5C-4E1E-A955-C3FE59E54528} = {02FEAFF5-AF71-4393-8427-E20BB9BA704A}
		{29ED63C7-4AAA-414C-9B85-A605BEB8B437} = {F355F6AD-5760-4C4F-BE22-97C2D20A2BEB}
		{21933A1F-F3FE-43D1-8D37-03174F3C9B24} = {F355F6AD-5760-4C4F-BE22-97C2D20A2BEB}
		{34D4BCD4-E1F8-466C-BBFE-284B38AADECE} = {F8EA9051-7503-4355-B896-497AC12E0AFA}
		{1C7E713F-A009-4B8E-8F2D-0D058E5CAF25} = {34D4BCD4-E1F8-466C-BBFE-284B38AADECE}
		{2415BC36-A642-4F8C-845C-83F34912F201} = {34D4BCD4-E1F8-466C-BBFE-284B38AADECE}
		{D36293D1-DE9A-4454-B2EF-24074DA990A5} = {1C7E713F-A009-4B8E-8F2D-0D058E5CAF25}
		{CEBAA3F1-0C5C-408E-8D00-545ADFED3D48} = {1C7E713F-A009-4B8E-8F2D-0D058E5CAF25}
		{E55E857D-5FD8-4321-AC37-973B5B09ED99} = {1C7E713F-A009-4B8E-8F2D-0D058E5CAF25}
		{F11242CF-B96A-451D-816E-80EE3A964B0F} = {1C7E713F-A009-4B8E-8F2D-0D058E5CAF25}
		{500C9723-6397-4FD4-B380-6277FF47658E} = {2415BC36-A642-4F8C-845C-83F34912F201}
		{7AB80162-1025-40D3-8A91-B8773FF8CD0D} = {2415BC36-A642-4F8C-845C-83F34912F201}
		{ADFCABCF-7C34-4471-925F-1E3883611434} = {C93C454A-6174-4490-B1C5-2EAEE6548BBF}
	EndGlobalSection
	GlobalSection(ExtensibilityGlobals) = postSolution
		SolutionGuid = {A6C9AC8C-2975-4FB7-A54D-1A923FB284A9}
	EndGlobalSection
EndGlobal
