
Microsoft Visual Studio Solution File, Format Version 12.00
# Visual Studio Version 17
VisualStudioVersion = 17.8.34511.84
MinimumVisualStudioVersion = 10.0.40219.1
Project("{2150E333-8FDC-42A3-9474-1A3956D46DE8}") = "Gui", "Gui", "{B9E27AE6-B1B4-4DC9-826C-005252E6C7B1}"
EndProject
Project("{FAE04EC0-301F-11D3-BF4B-00C04F79EFBC}") = "DrahtenWeb", "DrahtenWeb\DrahtenWeb.csproj", "{FDA54710-8EFC-4AE8-BCFD-E4EDB96F1355}"
EndProject
Global
	GlobalSection(SolutionConfigurationPlatforms) = preSolution
		Debug|Any CPU = Debug|Any CPU
		Release|Any CPU = Release|Any CPU
	EndGlobalSection
	GlobalSection(ProjectConfigurationPlatforms) = postSolution
		{FDA54710-8EFC-4AE8-BCFD-E4EDB96F1355}.Debug|Any CPU.ActiveCfg = Debug|Any CPU
		{FDA54710-8EFC-4AE8-BCFD-E4EDB96F1355}.Debug|Any CPU.Build.0 = Debug|Any CPU
		{FDA54710-8EFC-4AE8-BCFD-E4EDB96F1355}.Release|Any CPU.ActiveCfg = Release|Any CPU
		{FDA54710-8EFC-4AE8-BCFD-E4EDB96F1355}.Release|Any CPU.Build.0 = Release|Any CPU
	EndGlobalSection
	GlobalSection(SolutionProperties) = preSolution
		HideSolutionNode = FALSE
	EndGlobalSection
	GlobalSection(NestedProjects) = preSolution
		{FDA54710-8EFC-4AE8-BCFD-E4EDB96F1355} = {B9E27AE6-B1B4-4DC9-826C-005252E6C7B1}
	EndGlobalSection
	GlobalSection(ExtensibilityGlobals) = postSolution
		SolutionGuid = {A6C9AC8C-2975-4FB7-A54D-1A923FB284A9}
	EndGlobalSection
EndGlobal
